
Microsoft Visual Studio Solution File, Format Version 12.00
Project("{FAE04EC0-301F-11D3-BF4B-00C04F79EFBC}") = "BELLOT_TP0", "BELLOT_TP0\BELLOT_TP0.csproj", "{0072946D-FA60-4B63-9C34-20687C9703DF}"
EndProject
Global
	GlobalSection(SolutionConfigurationPlatforms) = preSolution
		Debug|Any CPU = Debug|Any CPU
		Release|Any CPU = Release|Any CPU
	EndGlobalSection
	GlobalSection(ProjectConfigurationPlatforms) = postSolution
		{0072946D-FA60-4B63-9C34-20687C9703DF}.Debug|Any CPU.ActiveCfg = Debug|Any CPU
		{0072946D-FA60-4B63-9C34-20687C9703DF}.Debug|Any CPU.Build.0 = Debug|Any CPU
		{0072946D-FA60-4B63-9C34-20687C9703DF}.Release|Any CPU.ActiveCfg = Release|Any CPU
		{0072946D-FA60-4B63-9C34-20687C9703DF}.Release|Any CPU.Build.0 = Release|Any CPU
	EndGlobalSection
EndGlobal
